<?xml version="1.0" encoding="utf-8"?>
<Project ToolsVersion="4.0" xmlns="http://schemas.microsoft.com/developer/msbuild/2003">
  <ItemGroup>
    <ClCompile Include="imgui\src\imgui.cpp">
      <Filter>ImGui</Filter>
    </ClCompile>
    <ClCompile Include="imgui\src\imgui_demo.cpp">
      <Filter>ImGui</Filter>
    </ClCompile>
    <ClCompile Include="imgui\src\imgui_draw.cpp">
      <Filter>ImGui</Filter>
    </ClCompile>
    <ClCompile Include="imgui\src\imgui_impl_sdl3.cpp">
      <Filter>ImGui</Filter>
    </ClCompile>
    <ClCompile Include="imgui\src\imgui_impl_sdlrenderer3.cpp">
      <Filter>ImGui</Filter>
    </ClCompile>
    <ClCompile Include="imgui\src\imgui_tables.cpp">
      <Filter>ImGui</Filter>
    </ClCompile>
    <ClCompile Include="imgui\src\imgui_widgets.cpp">
      <Filter>ImGui</Filter>
    </ClCompile>
    <ClCompile Include="src\AButton.cpp">
      <Filter>GameObject</Filter>
    </ClCompile>
    <ClCompile Include="src\AGameObject.cpp">
      <Filter>GameObject</Filter>
    </ClCompile>
    <ClCompile Include="src\AnimatedSprite.cpp">
      <Filter>GameObject</Filter>
    </ClCompile>
    <ClCompile Include="src\EmptyObject.cpp">
      <Filter>GameObject</Filter>
    </ClCompile>
    <ClCompile Include="src\Fairy.cpp">
      <Filter>GameObject</Filter>
    </ClCompile>
    <ClCompile Include="src\UIButton.cpp">
      <Filter>GameObject</Filter>
    </ClCompile>
    <ClCompile Include="src\Prop.cpp">
      <Filter>GameObject</Filter>
    </ClCompile>
    <ClCompile Include="src\Player.cpp">
      <Filter>GameObject</Filter>
    </ClCompile>
    <ClCompile Include="src\Librarian.cpp">
      <Filter>GameObject</Filter>
    </ClCompile>
    <ClCompile Include="src\AComponent.cpp">
      <Filter>Component</Filter>
    </ClCompile>
    <ClCompile Include="src\Camera.cpp">
      <Filter>Component</Filter>
    </ClCompile>
    <ClCompile Include="src\SpriteRenderer.cpp">
      <Filter>Component</Filter>
    </ClCompile>
    <ClCompile Include="src\SpriteAnimator.cpp">
      <Filter>Component</Filter>
    </ClCompile>
    <ClCompile Include="src\AScene.cpp">
      <Filter>Scene</Filter>
    </ClCompile>
    <ClCompile Include="src\Level_3_Scene.cpp">
      <Filter>Scene</Filter>
    </ClCompile>
    <ClCompile Include="src\Level_2_Scene.cpp">
      <Filter>Scene</Filter>
    </ClCompile>
    <ClCompile Include="src\Level_1_Scene.cpp">
      <Filter>Scene</Filter>
    </ClCompile>
    <ClCompile Include="src\LeftRoomScene.cpp">
      <Filter>Scene</Filter>
    </ClCompile>
    <ClCompile Include="src\RightRoomScene.cpp">
      <Filter>Scene</Filter>
    </ClCompile>
    <ClCompile Include="src\TextureManager.cpp">
      <Filter>Singleton</Filter>
    </ClCompile>
    <ClCompile Include="src\SceneManager.cpp">
      <Filter>Singleton</Filter>
    </ClCompile>
    <ClCompile Include="src\SceneTransitionManager.cpp">
      <Filter>Singleton</Filter>
    </ClCompile>
    <ClCompile Include="src\RenderSystem.cpp">
      <Filter>Singleton</Filter>
    </ClCompile>
    <ClCompile Include="src\GameObjectManager.cpp">
      <Filter>Singleton</Filter>
    </ClCompile>
    <ClCompile Include="src\EditorModule.cpp">
      <Filter>Singleton</Filter>
    </ClCompile>
    <ClCompile Include="src\main.cpp">
      <Filter>Main</Filter>
    </ClCompile>
    <ClCompile Include="src\Runner.cpp">
      <Filter>Main</Filter>
    </ClCompile>
    <ClCompile Include="src\AUIScreen.cpp">
      <Filter>Editor</Filter>
    </ClCompile>
    <ClCompile Include="src\UIManager.cpp">
      <Filter>Editor</Filter>
    </ClCompile>
    <ClCompile Include="src\InspectorScreen.cpp">
      <Filter>Editor</Filter>
    </ClCompile>
    <ClCompile Include="src\CustomStyles.cpp">
      <Filter>Editor</Filter>
    </ClCompile>
    <ClCompile Include="src\Title_Scene.cpp">
      <Filter>Scene</Filter>
    </ClCompile>
    <ClCompile Include="src\EngineTime.cpp">
      <Filter>Singleton</Filter>
    </ClCompile>
    <ClCompile Include="src\Background.cpp">
      <Filter>GameObject</Filter>
    </ClCompile>
    <ClCompile Include="src\GUIManager.cpp">
      <Filter>System</Filter>
    </ClCompile>
    <ClCompile Include="src\Vector2D.cpp">
      <Filter>Math</Filter>
    </ClCompile>
  </ItemGroup>
  <ItemGroup>
    <ClInclude Include="imgui\include\imstb_truetype.h">
      <Filter>ImGui</Filter>
    </ClInclude>
    <ClInclude Include="imgui\include\imconfig.h">
      <Filter>ImGui</Filter>
    </ClInclude>
    <ClInclude Include="imgui\include\imgui.h">
      <Filter>ImGui</Filter>
    </ClInclude>
    <ClInclude Include="imgui\include\imgui_impl_sdl3.h">
      <Filter>ImGui</Filter>
    </ClInclude>
    <ClInclude Include="imgui\include\imgui_impl_sdlrenderer3.h">
      <Filter>ImGui</Filter>
    </ClInclude>
    <ClInclude Include="imgui\include\imgui_internal.h">
      <Filter>ImGui</Filter>
    </ClInclude>
    <ClInclude Include="imgui\include\imstb_rectpack.h">
      <Filter>ImGui</Filter>
    </ClInclude>
    <ClInclude Include="imgui\include\imstb_textedit.h">
      <Filter>ImGui</Filter>
    </ClInclude>
    <ClInclude Include="include\AButton.h">
      <Filter>GameObject</Filter>
    </ClInclude>
    <ClInclude Include="include\AGameObject.h">
      <Filter>GameObject</Filter>
    </ClInclude>
    <ClInclude Include="include\AnimatedSprite.h">
      <Filter>GameObject</Filter>
    </ClInclude>
    <ClInclude Include="include\EmptyObject.h">
      <Filter>GameObject</Filter>
    </ClInclude>
    <ClInclude Include="include\Fairy.h">
      <Filter>GameObject</Filter>
    </ClInclude>
    <ClInclude Include="include\UIButton.h">
      <Filter>GameObject</Filter>
    </ClInclude>
    <ClInclude Include="include\Prop.h">
      <Filter>GameObject</Filter>
    </ClInclude>
    <ClInclude Include="include\Player.h">
      <Filter>GameObject</Filter>
    </ClInclude>
    <ClInclude Include="include\Librarian.h">
      <Filter>GameObject</Filter>
    </ClInclude>
    <ClInclude Include="include\AComponent.h">
      <Filter>Component</Filter>
    </ClInclude>
    <ClInclude Include="include\Camera.h">
      <Filter>Component</Filter>
    </ClInclude>
    <ClInclude Include="include\SpriteRenderer.h">
      <Filter>Component</Filter>
    </ClInclude>
    <ClInclude Include="include\SpriteAnimator.h">
      <Filter>Component</Filter>
    </ClInclude>
    <ClInclude Include="include\AScene.h">
      <Filter>Scene</Filter>
    </ClInclude>
    <ClInclude Include="include\Level_3_Scene.h">
      <Filter>Scene</Filter>
    </ClInclude>
    <ClInclude Include="include\Level_2_Scene.h">
      <Filter>Scene</Filter>
    </ClInclude>
    <ClInclude Include="include\Level_1_Scene.h">
      <Filter>Scene</Filter>
    </ClInclude>
    <ClInclude Include="include\LeftRoomScene.h">
      <Filter>Scene</Filter>
    </ClInclude>
    <ClInclude Include="include\RightRoomScene.h">
      <Filter>Scene</Filter>
    </ClInclude>
    <ClInclude Include="include\TextureManager.h">
      <Filter>Singleton</Filter>
    </ClInclude>
    <ClInclude Include="include\SceneManager.h">
      <Filter>Singleton</Filter>
    </ClInclude>
    <ClInclude Include="include\SceneTransitionManager.h">
      <Filter>Singleton</Filter>
    </ClInclude>
    <ClInclude Include="include\RenderSystem.h">
      <Filter>Singleton</Filter>
    </ClInclude>
    <ClInclude Include="include\GameObjectManager.h">
      <Filter>Singleton</Filter>
    </ClInclude>
    <ClInclude Include="include\EditorModule.h">
      <Filter>Singleton</Filter>
    </ClInclude>
    <ClInclude Include="include\Runner.h">
      <Filter>Main</Filter>
    </ClInclude>
    <ClInclude Include="include\Settings.h">
      <Filter>Main</Filter>
    </ClInclude>
    <ClInclude Include="include\AUIScreen.h">
      <Filter>Editor</Filter>
    </ClInclude>
    <ClInclude Include="include\UINames.h">
      <Filter>Editor</Filter>
    </ClInclude>
    <ClInclude Include="include\UIManager.h">
      <Filter>Editor</Filter>
    </ClInclude>
    <ClInclude Include="include\InspectorScreen.h">
      <Filter>Editor</Filter>
    </ClInclude>
    <ClInclude Include="include\CustomStyles.h">
      <Filter>Editor</Filter>
    </ClInclude>
    <ClInclude Include="include\Title_Scene.h">
      <Filter>Scene</Filter>
    </ClInclude>
    <ClInclude Include="include\EngineTime.h">
      <Filter>Singleton</Filter>
    </ClInclude>
    <ClInclude Include="include\EnumAnimationType.h">
      <Filter>Enum</Filter>
    </ClInclude>
    <ClInclude Include="include\EnumComponentType.h">
      <Filter>Enum</Filter>
    </ClInclude>
    <ClInclude Include="include\EnumSceneTag.h">
      <Filter>Enum</Filter>
    </ClInclude>
    <ClInclude Include="include\Background.h">
      <Filter>GameObject</Filter>
    </ClInclude>
    <ClInclude Include="include\GUIManager.h">
      <Filter>System</Filter>
    </ClInclude>
    <ClInclude Include="include\Vector2D.h">
      <Filter>Math</Filter>
    </ClInclude>
  </ItemGroup>
  <ItemGroup>
    <Filter Include="ImGui">
      <UniqueIdentifier>{4bd7b53e-86d4-4465-b17d-694b975c031c}</UniqueIdentifier>
    </Filter>
    <Filter Include="GameObject">
      <UniqueIdentifier>{6016d69a-05c7-4eb0-9f46-a48fea0b2f53}</UniqueIdentifier>
    </Filter>
    <Filter Include="Component">
      <UniqueIdentifier>{4758dec7-0261-40f4-956d-3dccf0c52ab1}</UniqueIdentifier>
    </Filter>
    <Filter Include="Scene">
      <UniqueIdentifier>{2c00833d-cbfe-46a8-b3b0-165337abf23f}</UniqueIdentifier>
    </Filter>
    <Filter Include="Singleton">
      <UniqueIdentifier>{75a3da09-57d7-4b34-b760-e69c027d7d53}</UniqueIdentifier>
    </Filter>
    <Filter Include="Main">
      <UniqueIdentifier>{834c5820-61a9-4f39-96cf-52655feeb571}</UniqueIdentifier>
    </Filter>
    <Filter Include="Editor">
      <UniqueIdentifier>{e0b13971-2f13-48ee-8f77-c2cbb4600d5a}</UniqueIdentifier>
    </Filter>
    <Filter Include="Enum">
      <UniqueIdentifier>{b9aac6ba-bf90-4b4a-a526-822279cf2c9f}</UniqueIdentifier>
    </Filter>
    <Filter Include="System">
      <UniqueIdentifier>{57ab400d-8e23-445f-9647-8ca199c6973f}</UniqueIdentifier>
    </Filter>
    <Filter Include="Math">
      <UniqueIdentifier>{452b6273-e69f-45cd-a022-d07384c15bc9}</UniqueIdentifier>
    </Filter>
  </ItemGroup>
</Project>